
Microsoft Visual Studio Solution File, Format Version 12.00
# Visual Studio Version 16
VisualStudioVersion = 16.0.31424.327
MinimumVisualStudioVersion = 10.0.40219.1
Project("{2150E333-8FDC-42A3-9474-1A3956D46DE8}") = "src", "src", "{8964CD8C-367A-42B8-B273-E7D8BEF592DC}"
EndProject
Project("{2150E333-8FDC-42A3-9474-1A3956D46DE8}") = "tests", "tests", "{A723F1B9-2494-453D-8931-4F96BF55956A}"
EndProject
Project("{2150E333-8FDC-42A3-9474-1A3956D46DE8}") = "api", "api", "{915B6649-EE00-4ADF-B625-F7E354A42D88}"
EndProject
Project("{2150E333-8FDC-42A3-9474-1A3956D46DE8}") = "core", "core", "{F952E0C7-610C-41E7-8D3B-1369119107F3}"
EndProject
Project("{2150E333-8FDC-42A3-9474-1A3956D46DE8}") = "dal", "dal", "{21AA94A1-44EB-4F28-BFBA-E66F03A37164}"
EndProject
Project("{2150E333-8FDC-42A3-9474-1A3956D46DE8}") = "models", "models", "{CC338696-3092-4327-96D7-D0C3933C2CC8}"
EndProject
Project("{9A19103F-16F7-4668-BE54-9A1E7A4F7556}") = "Jalasoft.TeamUp.Resumes.Core.Interfaces", "src\core\Jalasoft.TeamUp.Resumes.Core.Interfaces\Jalasoft.TeamUp.Resumes.Core.Interfaces.csproj", "{87D26C40-8757-4629-8D1B-801CC00AD686}"
EndProject
Project("{9A19103F-16F7-4668-BE54-9A1E7A4F7556}") = "Jalasoft.TeamUp.Resumes.Core", "src\core\Jalasoft.TeamUp.Resumes.Core\Jalasoft.TeamUp.Resumes.Core.csproj", "{9653E4FA-C01C-4712-868C-CA32BBB52149}"
EndProject
Project("{9A19103F-16F7-4668-BE54-9A1E7A4F7556}") = "Jalasoft.TeamUp.Resumes.DAL.Interfaces", "src\dal\Jalasoft.TeamUp.Resumes.DAL.Interfaces\Jalasoft.TeamUp.Resumes.DAL.Interfaces.csproj", "{C067CC57-B030-4541-80D1-9E89C77E22E4}"
EndProject
Project("{9A19103F-16F7-4668-BE54-9A1E7A4F7556}") = "Jalasoft.TeamUp.Resumes.DAL", "src\dal\Jalasoft.TeamUp.Resumes.DAL\Jalasoft.TeamUp.Resumes.DAL.csproj", "{FA2AC2A4-ACBE-4118-ACD2-92F493EA135C}"
EndProject
Project("{9A19103F-16F7-4668-BE54-9A1E7A4F7556}") = "Jalasoft.TeamUp.Resumes.Models", "src\models\Jalasoft.TeamUp.Resumes.Models\Jalasoft.TeamUp.Resumes.Models.csproj", "{43B3F5BF-4A1D-4233-805E-4191497B9723}"
EndProject
Project("{2150E333-8FDC-42A3-9474-1A3956D46DE8}") = "api", "api", "{A42C00AE-8722-44DD-8C13-32CE252522DD}"
EndProject
Project("{9A19103F-16F7-4668-BE54-9A1E7A4F7556}") = "Jalasoft.TeamUp.Resumes.API.Tests", "tests\api\Jalasoft.TeamUp.Resumes.API.Tests\Jalasoft.TeamUp.Resumes.API.Tests.csproj", "{62B44CB4-AD95-4E45-9402-23F431A27C2E}"
EndProject
Project("{2150E333-8FDC-42A3-9474-1A3956D46DE8}") = "core", "core", "{EBEC1D91-143D-4199-A725-9B8CA8CE9113}"
EndProject
Project("{9A19103F-16F7-4668-BE54-9A1E7A4F7556}") = "Jalasoft.TeamUp.Resumes.API", "src\api\Jalasoft.TeamUp.Resumes.API\Jalasoft.TeamUp.Resumes.API.csproj", "{201B8B99-20E0-4B00-8399-416EBEDD8487}"
EndProject
Project("{9A19103F-16F7-4668-BE54-9A1E7A4F7556}") = "Jalasoft.TeamUp.Resumes.Core.Tests", "tests\core\Jalasoft.TeamUp.Resumes.Core.Tests\Jalasoft.TeamUp.Resumes.Core.Tests.csproj", "{B940D2ED-661C-4904-8782-5061F1600BD9}"
EndProject
Global
	GlobalSection(SolutionConfigurationPlatforms) = preSolution
		Debug|Any CPU = Debug|Any CPU
		Release|Any CPU = Release|Any CPU
	EndGlobalSection
	GlobalSection(ProjectConfigurationPlatforms) = postSolution
		{87D26C40-8757-4629-8D1B-801CC00AD686}.Debug|Any CPU.ActiveCfg = Debug|Any CPU
		{87D26C40-8757-4629-8D1B-801CC00AD686}.Debug|Any CPU.Build.0 = Debug|Any CPU
		{87D26C40-8757-4629-8D1B-801CC00AD686}.Release|Any CPU.ActiveCfg = Release|Any CPU
		{87D26C40-8757-4629-8D1B-801CC00AD686}.Release|Any CPU.Build.0 = Release|Any CPU
		{9653E4FA-C01C-4712-868C-CA32BBB52149}.Debug|Any CPU.ActiveCfg = Debug|Any CPU
		{9653E4FA-C01C-4712-868C-CA32BBB52149}.Debug|Any CPU.Build.0 = Debug|Any CPU
		{9653E4FA-C01C-4712-868C-CA32BBB52149}.Release|Any CPU.ActiveCfg = Release|Any CPU
		{9653E4FA-C01C-4712-868C-CA32BBB52149}.Release|Any CPU.Build.0 = Release|Any CPU
		{C067CC57-B030-4541-80D1-9E89C77E22E4}.Debug|Any CPU.ActiveCfg = Debug|Any CPU
		{C067CC57-B030-4541-80D1-9E89C77E22E4}.Debug|Any CPU.Build.0 = Debug|Any CPU
		{C067CC57-B030-4541-80D1-9E89C77E22E4}.Release|Any CPU.ActiveCfg = Release|Any CPU
		{C067CC57-B030-4541-80D1-9E89C77E22E4}.Release|Any CPU.Build.0 = Release|Any CPU
		{FA2AC2A4-ACBE-4118-ACD2-92F493EA135C}.Debug|Any CPU.ActiveCfg = Debug|Any CPU
		{FA2AC2A4-ACBE-4118-ACD2-92F493EA135C}.Debug|Any CPU.Build.0 = Debug|Any CPU
		{FA2AC2A4-ACBE-4118-ACD2-92F493EA135C}.Release|Any CPU.ActiveCfg = Release|Any CPU
		{FA2AC2A4-ACBE-4118-ACD2-92F493EA135C}.Release|Any CPU.Build.0 = Release|Any CPU
		{43B3F5BF-4A1D-4233-805E-4191497B9723}.Debug|Any CPU.ActiveCfg = Debug|Any CPU
		{43B3F5BF-4A1D-4233-805E-4191497B9723}.Debug|Any CPU.Build.0 = Debug|Any CPU
		{43B3F5BF-4A1D-4233-805E-4191497B9723}.Release|Any CPU.ActiveCfg = Release|Any CPU
		{43B3F5BF-4A1D-4233-805E-4191497B9723}.Release|Any CPU.Build.0 = Release|Any CPU
		{62B44CB4-AD95-4E45-9402-23F431A27C2E}.Debug|Any CPU.ActiveCfg = Debug|Any CPU
		{62B44CB4-AD95-4E45-9402-23F431A27C2E}.Debug|Any CPU.Build.0 = Debug|Any CPU
		{62B44CB4-AD95-4E45-9402-23F431A27C2E}.Release|Any CPU.ActiveCfg = Release|Any CPU
		{62B44CB4-AD95-4E45-9402-23F431A27C2E}.Release|Any CPU.Build.0 = Release|Any CPU
		{201B8B99-20E0-4B00-8399-416EBEDD8487}.Debug|Any CPU.ActiveCfg = Debug|Any CPU
		{201B8B99-20E0-4B00-8399-416EBEDD8487}.Debug|Any CPU.Build.0 = Debug|Any CPU
		{201B8B99-20E0-4B00-8399-416EBEDD8487}.Release|Any CPU.ActiveCfg = Release|Any CPU
		{201B8B99-20E0-4B00-8399-416EBEDD8487}.Release|Any CPU.Build.0 = Release|Any CPU
		{B940D2ED-661C-4904-8782-5061F1600BD9}.Debug|Any CPU.ActiveCfg = Debug|Any CPU
		{B940D2ED-661C-4904-8782-5061F1600BD9}.Debug|Any CPU.Build.0 = Debug|Any CPU
		{B940D2ED-661C-4904-8782-5061F1600BD9}.Release|Any CPU.ActiveCfg = Release|Any CPU
		{B940D2ED-661C-4904-8782-5061F1600BD9}.Release|Any CPU.Build.0 = Release|Any CPU
	EndGlobalSection
	GlobalSection(SolutionProperties) = preSolution
		HideSolutionNode = FALSE
	EndGlobalSection
	GlobalSection(NestedProjects) = preSolution
		{915B6649-EE00-4ADF-B625-F7E354A42D88} = {8964CD8C-367A-42B8-B273-E7D8BEF592DC}
		{F952E0C7-610C-41E7-8D3B-1369119107F3} = {8964CD8C-367A-42B8-B273-E7D8BEF592DC}
		{21AA94A1-44EB-4F28-BFBA-E66F03A37164} = {8964CD8C-367A-42B8-B273-E7D8BEF592DC}
		{CC338696-3092-4327-96D7-D0C3933C2CC8} = {8964CD8C-367A-42B8-B273-E7D8BEF592DC}
		{87D26C40-8757-4629-8D1B-801CC00AD686} = {F952E0C7-610C-41E7-8D3B-1369119107F3}
		{9653E4FA-C01C-4712-868C-CA32BBB52149} = {F952E0C7-610C-41E7-8D3B-1369119107F3}
		{C067CC57-B030-4541-80D1-9E89C77E22E4} = {21AA94A1-44EB-4F28-BFBA-E66F03A37164}
		{FA2AC2A4-ACBE-4118-ACD2-92F493EA135C} = {21AA94A1-44EB-4F28-BFBA-E66F03A37164}
		{43B3F5BF-4A1D-4233-805E-4191497B9723} = {CC338696-3092-4327-96D7-D0C3933C2CC8}
		{A42C00AE-8722-44DD-8C13-32CE252522DD} = {A723F1B9-2494-453D-8931-4F96BF55956A}
		{62B44CB4-AD95-4E45-9402-23F431A27C2E} = {A42C00AE-8722-44DD-8C13-32CE252522DD}
		{EBEC1D91-143D-4199-A725-9B8CA8CE9113} = {A723F1B9-2494-453D-8931-4F96BF55956A}
		{201B8B99-20E0-4B00-8399-416EBEDD8487} = {915B6649-EE00-4ADF-B625-F7E354A42D88}
		{B940D2ED-661C-4904-8782-5061F1600BD9} = {EBEC1D91-143D-4199-A725-9B8CA8CE9113}
	EndGlobalSection
	GlobalSection(ExtensibilityGlobals) = postSolution
		SolutionGuid = {57BE26B7-03AE-4894-B5C6-1F563D97D943}
	EndGlobalSection
EndGlobal
